// !$*UTF8*$!
{
	archiveVersion = 1;
	classes = {
	};
	objectVersion = 46;
	objects = {

/* Begin PBXBuildFile section */
		AA0176FA21899881006C8281 /* AppDelegate.m in Sources */ = {isa = PBXBuildFile; fileRef = AA0176F921899881006C8281 /* AppDelegate.m */; };
		AA0176FD21899881006C8281 /* main.m in Sources */ = {isa = PBXBuildFile; fileRef = AA0176FC21899881006C8281 /* main.m */; };
		AA01770021899881006C8281 /* ViewController.mm in Sources */ = {isa = PBXBuildFile; fileRef = AA0176FF21899881006C8281 /* ViewController.mm */; };
		AA01770221899881006C8281 /* Assets.xcassets in Resources */ = {isa = PBXBuildFile; fileRef = AA01770121899881006C8281 /* Assets.xcassets */; };
		AA01770521899881006C8281 /* Main.storyboard in Resources */ = {isa = PBXBuildFile; fileRef = AA01770321899881006C8281 /* Main.storyboard */; };
		AA01771021899881006C8281 /* TripPinTests.m in Sources */ = {isa = PBXBuildFile; fileRef = AA01770F21899881006C8281 /* TripPinTests.m */; };
		AA01771B21899881006C8281 /* TripPinUITests.m in Sources */ = {isa = PBXBuildFile; fileRef = AA01771A21899881006C8281 /* TripPinUITests.m */; };
		AAA00FA4218A4CBE00DCA1FF /* libcpprest.a in Frameworks */ = {isa = PBXBuildFile; fileRef = AAA00FA3218A4CBE00DCA1FF /* libcpprest.a */; };
		AAA00FA6218A4D2C00DCA1FF /* libodata-client.a in Frameworks */ = {isa = PBXBuildFile; fileRef = AAA00FA5218A4D2C00DCA1FF /* libodata-client.a */; };
		AAA00FA8218A4F8400DCA1FF /* libz.a in Frameworks */ = {isa = PBXBuildFile; fileRef = AAA00FA7218A4F8400DCA1FF /* libz.a */; };
		AAA00FAA218A4FA700DCA1FF /* libxml2.a in Frameworks */ = {isa = PBXBuildFile; fileRef = AAA00FA9218A4FA700DCA1FF /* libxml2.a */; };
		CA07A1F5218C974D0004E520 /* northwind_service.cpp in Sources */ = {isa = PBXBuildFile; fileRef = CA07A1F4218C974D0004E520 /* northwind_service.cpp */; };
		CAFA96362189FDBC0083BE7C /* libboost_thread-mt.a in Frameworks */ = {isa = PBXBuildFile; fileRef = CAFA96352189FDBC0083BE7C /* libboost_thread-mt.a */; };
		CAFA96382189FE3C0083BE7C /* libcrypto.a in Frameworks */ = {isa = PBXBuildFile; fileRef = CAFA96372189FE3C0083BE7C /* libcrypto.a */; };
		CAFA963A2189FE420083BE7C /* libssl.a in Frameworks */ = {isa = PBXBuildFile; fileRef = CAFA96392189FE420083BE7C /* libssl.a */; };
		CAFA9645218A15F20083BE7C /* libboost_chrono-mt.a in Frameworks */ = {isa = PBXBuildFile; fileRef = CAFA9644218A15F20083BE7C /* libboost_chrono-mt.a */; };
		CAFA9647218A15FC0083BE7C /* libboost_system-mt.a in Frameworks */ = {isa = PBXBuildFile; fileRef = CAFA9646218A15FC0083BE7C /* libboost_system-mt.a */; };
/* End PBXBuildFile section */

/* Begin PBXContainerItemProxy section */
		AA01770C21899881006C8281 /* PBXContainerItemProxy */ = {
			isa = PBXContainerItemProxy;
			containerPortal = AA0176ED21899880006C8281 /* Project object */;
			proxyType = 1;
			remoteGlobalIDString = AA0176F421899880006C8281;
			remoteInfo = TripPin;
		};
		AA01771721899881006C8281 /* PBXContainerItemProxy */ = {
			isa = PBXContainerItemProxy;
			containerPortal = AA0176ED21899880006C8281 /* Project object */;
			proxyType = 1;
			remoteGlobalIDString = AA0176F421899880006C8281;
			remoteInfo = TripPin;
		};
/* End PBXContainerItemProxy section */

/* Begin PBXFileReference section */
		AA0176F521899881006C8281 /* TripPin.app */ = {isa = PBXFileReference; explicitFileType = wrapper.application; includeInIndex = 0; path = TripPin.app; sourceTree = BUILT_PRODUCTS_DIR; };
		AA0176F821899881006C8281 /* AppDelegate.h */ = {isa = PBXFileReference; lastKnownFileType = sourcecode.c.h; path = AppDelegate.h; sourceTree = "<group>"; };
		AA0176F921899881006C8281 /* AppDelegate.m */ = {isa = PBXFileReference; lastKnownFileType = sourcecode.c.objc; path = AppDelegate.m; sourceTree = "<group>"; };
		AA0176FC21899881006C8281 /* main.m */ = {isa = PBXFileReference; lastKnownFileType = sourcecode.c.objc; path = main.m; sourceTree = "<group>"; };
		AA0176FE21899881006C8281 /* ViewController.h */ = {isa = PBXFileReference; lastKnownFileType = sourcecode.c.h; path = ViewController.h; sourceTree = "<group>"; };
		AA0176FF21899881006C8281 /* ViewController.mm */ = {isa = PBXFileReference; lastKnownFileType = sourcecode.cpp.objcpp; path = ViewController.mm; sourceTree = "<group>"; };
		AA01770121899881006C8281 /* Assets.xcassets */ = {isa = PBXFileReference; lastKnownFileType = folder.assetcatalog; path = Assets.xcassets; sourceTree = "<group>"; };
		AA01770421899881006C8281 /* Base */ = {isa = PBXFileReference; lastKnownFileType = file.storyboard; name = Base; path = Base.lproj/Main.storyboard; sourceTree = "<group>"; };
		AA01770621899881006C8281 /* Info.plist */ = {isa = PBXFileReference; lastKnownFileType = text.plist.xml; path = Info.plist; sourceTree = "<group>"; };
		AA01770B21899881006C8281 /* TripPinTests.xctest */ = {isa = PBXFileReference; explicitFileType = wrapper.cfbundle; includeInIndex = 0; path = TripPinTests.xctest; sourceTree = BUILT_PRODUCTS_DIR; };
		AA01770F21899881006C8281 /* TripPinTests.m */ = {isa = PBXFileReference; lastKnownFileType = sourcecode.c.objc; path = TripPinTests.m; sourceTree = "<group>"; };
		AA01771121899881006C8281 /* Info.plist */ = {isa = PBXFileReference; lastKnownFileType = text.plist.xml; path = Info.plist; sourceTree = "<group>"; };
		AA01771621899881006C8281 /* TripPinUITests.xctest */ = {isa = PBXFileReference; explicitFileType = wrapper.cfbundle; includeInIndex = 0; path = TripPinUITests.xctest; sourceTree = BUILT_PRODUCTS_DIR; };
		AA01771A21899881006C8281 /* TripPinUITests.m */ = {isa = PBXFileReference; lastKnownFileType = sourcecode.c.objc; path = TripPinUITests.m; sourceTree = "<group>"; };
		AA01771C21899881006C8281 /* Info.plist */ = {isa = PBXFileReference; lastKnownFileType = text.plist.xml; path = Info.plist; sourceTree = "<group>"; };
		AAA00FA3218A4CBE00DCA1FF /* libcpprest.a */ = {isa = PBXFileReference; lastKnownFileType = archive.ar; name = libcpprest.a; path = ../../../lib/casablanca/build.debug/Binaries/libcpprest.a; sourceTree = "<group>"; };
		AAA00FA5218A4D2C00DCA1FF /* libodata-client.a */ = {isa = PBXFileReference; lastKnownFileType = archive.ar; name = "libodata-client.a"; path = "../../../output/libodata-client.a"; sourceTree = "<group>"; };
		AAA00FA7218A4F8400DCA1FF /* libz.a */ = {isa = PBXFileReference; lastKnownFileType = archive.ar; name = libz.a; path = ../../../../../../../../opt/local/lib/libz.a; sourceTree = "<group>"; };
		AAA00FA9218A4FA700DCA1FF /* libxml2.a */ = {isa = PBXFileReference; lastKnownFileType = archive.ar; name = libxml2.a; path = ../../../../../../../../opt/local/lib/libxml2.a; sourceTree = "<group>"; };
		CA07A1F3218C974D0004E520 /* northwind_service.h */ = {isa = PBXFileReference; fileEncoding = 4; lastKnownFileType = sourcecode.c.h; name = northwind_service.h; path = ../../../northwind_sample/northwind_service.h; sourceTree = "<group>"; };
		CA07A1F4218C974D0004E520 /* northwind_service.cpp */ = {isa = PBXFileReference; fileEncoding = 4; lastKnownFileType = sourcecode.cpp.cpp; name = northwind_service.cpp; path = ../../../northwind_sample/northwind_service.cpp; sourceTree = "<group>"; };
		CAFA96352189FDBC0083BE7C /* libboost_thread-mt.a */ = {isa = PBXFileReference; lastKnownFileType = "compiled.mach-o.a"; name = "libboost_thread-mt.a"; path = "../../../../../../../../usr/local/lib/libboost_thread-mt.a"; sourceTree = "<group>"; };
		CAFA96372189FE3C0083BE7C /* libcrypto.a */ = {isa = PBXFileReference; lastKnownFileType = "compiled.mach-o.a"; name = libcrypto.a; path = ../../../../../../../../usr/local/Cellar/openssl/1.0.2p/lib/libcrypto.a; sourceTree = "<group>"; };
		CAFA96392189FE420083BE7C /* libssl.a */ = {isa = PBXFileReference; lastKnownFileType = "compiled.mach-o.a"; name = libssl.a; path = ../../../../../../../../usr/local/Cellar/openssl/1.0.2p/lib/libssl.a; sourceTree = "<group>"; };
		CAFA9644218A15F20083BE7C /* libboost_chrono-mt.a */ = {isa = PBXFileReference; lastKnownFileType = "compiled.mach-o.a"; name = "libboost_chrono-mt.a"; path = "../../../../../../../../usr/local/lib/libboost_chrono-mt.a"; sourceTree = "<group>"; };
		CAFA9646218A15FC0083BE7C /* libboost_system-mt.a */ = {isa = PBXFileReference; lastKnownFileType = "compiled.mach-o.a"; name = "libboost_system-mt.a"; path = "../../../../../../../../usr/local/lib/libboost_system-mt.a"; sourceTree = "<group>"; };
/* End PBXFileReference section */

/* Begin PBXFrameworksBuildPhase section */
		AA0176F221899880006C8281 /* Frameworks */ = {
			isa = PBXFrameworksBuildPhase;
			buildActionMask = 2147483647;
			files = (
				AAA00FA6218A4D2C00DCA1FF /* libodata-client.a in Frameworks */,
				AAA00FA4218A4CBE00DCA1FF /* libcpprest.a in Frameworks */,
				CAFA9645218A15F20083BE7C /* libboost_chrono-mt.a in Frameworks */,
				CAFA96382189FE3C0083BE7C /* libcrypto.a in Frameworks */,
				CAFA96362189FDBC0083BE7C /* libboost_thread-mt.a in Frameworks */,
				CAFA9647218A15FC0083BE7C /* libboost_system-mt.a in Frameworks */,
				CAFA963A2189FE420083BE7C /* libssl.a in Frameworks */,
				AAA00FAA218A4FA700DCA1FF /* libxml2.a in Frameworks */,
				AAA00FA8218A4F8400DCA1FF /* libz.a in Frameworks */,
			);
			runOnlyForDeploymentPostprocessing = 0;
		};
		AA01770821899881006C8281 /* Frameworks */ = {
			isa = PBXFrameworksBuildPhase;
			buildActionMask = 2147483647;
			files = (
			);
			runOnlyForDeploymentPostprocessing = 0;
		};
		AA01771321899881006C8281 /* Frameworks */ = {
			isa = PBXFrameworksBuildPhase;
			buildActionMask = 2147483647;
			files = (
			);
			runOnlyForDeploymentPostprocessing = 0;
		};
/* End PBXFrameworksBuildPhase section */

/* Begin PBXGroup section */
		AA0176EC21899880006C8281 = {
			isa = PBXGroup;
			children = (
				AA0176F721899881006C8281 /* TripPin */,
				AA01770E21899881006C8281 /* TripPinTests */,
				AA01771921899881006C8281 /* TripPinUITests */,
				AA0176F621899881006C8281 /* Products */,
				AA017728218998BF006C8281 /* Frameworks */,
			);
			sourceTree = "<group>";
		};
		AA0176F621899881006C8281 /* Products */ = {
			isa = PBXGroup;
			children = (
				AA0176F521899881006C8281 /* TripPin.app */,
				AA01770B21899881006C8281 /* TripPinTests.xctest */,
				AA01771621899881006C8281 /* TripPinUITests.xctest */,
			);
			name = Products;
			sourceTree = "<group>";
		};
		AA0176F721899881006C8281 /* TripPin */ = {
			isa = PBXGroup;
			children = (
				CA07A1F4218C974D0004E520 /* northwind_service.cpp */,
				CA07A1F3218C974D0004E520 /* northwind_service.h */,
				AA0176F821899881006C8281 /* AppDelegate.h */,
				AA0176F921899881006C8281 /* AppDelegate.m */,
				AA0176FE21899881006C8281 /* ViewController.h */,
				AA0176FF21899881006C8281 /* ViewController.mm */,
				AA01770121899881006C8281 /* Assets.xcassets */,
				AA01770321899881006C8281 /* Main.storyboard */,
				AA01770621899881006C8281 /* Info.plist */,
				AA0176FB21899881006C8281 /* Supporting Files */,
			);
			path = TripPin;
			sourceTree = "<group>";
		};
		AA0176FB21899881006C8281 /* Supporting Files */ = {
			isa = PBXGroup;
			children = (
				AA0176FC21899881006C8281 /* main.m */,
			);
			name = "Supporting Files";
			sourceTree = "<group>";
		};
		AA01770E21899881006C8281 /* TripPinTests */ = {
			isa = PBXGroup;
			children = (
				AA01770F21899881006C8281 /* TripPinTests.m */,
				AA01771121899881006C8281 /* Info.plist */,
			);
			path = TripPinTests;
			sourceTree = "<group>";
		};
		AA01771921899881006C8281 /* TripPinUITests */ = {
			isa = PBXGroup;
			children = (
				AA01771A21899881006C8281 /* TripPinUITests.m */,
				AA01771C21899881006C8281 /* Info.plist */,
			);
			path = TripPinUITests;
			sourceTree = "<group>";
		};
		AA017728218998BF006C8281 /* Frameworks */ = {
			isa = PBXGroup;
			children = (
				AAA00FA9218A4FA700DCA1FF /* libxml2.a */,
				AAA00FA7218A4F8400DCA1FF /* libz.a */,
				AAA00FA5218A4D2C00DCA1FF /* libodata-client.a */,
				AAA00FA3218A4CBE00DCA1FF /* libcpprest.a */,
				CAFA9646218A15FC0083BE7C /* libboost_system-mt.a */,
				CAFA9644218A15F20083BE7C /* libboost_chrono-mt.a */,
				CAFA96392189FE420083BE7C /* libssl.a */,
				CAFA96372189FE3C0083BE7C /* libcrypto.a */,
				CAFA96352189FDBC0083BE7C /* libboost_thread-mt.a */,
			);
			name = Frameworks;
			sourceTree = "<group>";
		};
/* End PBXGroup section */

/* Begin PBXNativeTarget section */
		AA0176F421899880006C8281 /* TripPin */ = {
			isa = PBXNativeTarget;
			buildConfigurationList = AA01771F21899881006C8281 /* Build configuration list for PBXNativeTarget "TripPin" */;
			buildPhases = (
				AA0176F121899880006C8281 /* Sources */,
				AA0176F221899880006C8281 /* Frameworks */,
				AA0176F321899880006C8281 /* Resources */,
			);
			buildRules = (
			);
			dependencies = (
			);
			name = TripPin;
			productName = TripPin;
			productReference = AA0176F521899881006C8281 /* TripPin.app */;
			productType = "com.apple.product-type.application";
		};
		AA01770A21899881006C8281 /* TripPinTests */ = {
			isa = PBXNativeTarget;
			buildConfigurationList = AA01772221899881006C8281 /* Build configuration list for PBXNativeTarget "TripPinTests" */;
			buildPhases = (
				AA01770721899881006C8281 /* Sources */,
				AA01770821899881006C8281 /* Frameworks */,
				AA01770921899881006C8281 /* Resources */,
			);
			buildRules = (
			);
			dependencies = (
				AA01770D21899881006C8281 /* PBXTargetDependency */,
			);
			name = TripPinTests;
			productName = TripPinTests;
			productReference = AA01770B21899881006C8281 /* TripPinTests.xctest */;
			productType = "com.apple.product-type.bundle.unit-test";
		};
		AA01771521899881006C8281 /* TripPinUITests */ = {
			isa = PBXNativeTarget;
			buildConfigurationList = AA01772521899881006C8281 /* Build configuration list for PBXNativeTarget "TripPinUITests" */;
			buildPhases = (
				AA01771221899881006C8281 /* Sources */,
				AA01771321899881006C8281 /* Frameworks */,
				AA01771421899881006C8281 /* Resources */,
			);
			buildRules = (
			);
			dependencies = (
				AA01771821899881006C8281 /* PBXTargetDependency */,
			);
			name = TripPinUITests;
			productName = TripPinUITests;
			productReference = AA01771621899881006C8281 /* TripPinUITests.xctest */;
			productType = "com.apple.product-type.bundle.ui-testing";
		};
/* End PBXNativeTarget section */

/* Begin PBXProject section */
		AA0176ED21899880006C8281 /* Project object */ = {
			isa = PBXProject;
			attributes = {
				LastUpgradeCheck = 0820;
				ORGANIZATIONNAME = MyOrg;
				TargetAttributes = {
					AA0176F421899880006C8281 = {
						CreatedOnToolsVersion = 8.2.1;
						ProvisioningStyle = Automatic;
					};
					AA01770A21899881006C8281 = {
						CreatedOnToolsVersion = 8.2.1;
						ProvisioningStyle = Automatic;
						TestTargetID = AA0176F421899880006C8281;
					};
					AA01771521899881006C8281 = {
						CreatedOnToolsVersion = 8.2.1;
						ProvisioningStyle = Automatic;
						TestTargetID = AA0176F421899880006C8281;
					};
				};
			};
			buildConfigurationList = AA0176F021899880006C8281 /* Build configuration list for PBXProject "TripPin" */;
			compatibilityVersion = "Xcode 3.2";
			developmentRegion = English;
			hasScannedForEncodings = 0;
			knownRegions = (
				en,
				Base,
			);
			mainGroup = AA0176EC21899880006C8281;
			productRefGroup = AA0176F621899881006C8281 /* Products */;
			projectDirPath = "";
			projectRoot = "";
			targets = (
				AA0176F421899880006C8281 /* TripPin */,
				AA01770A21899881006C8281 /* TripPinTests */,
				AA01771521899881006C8281 /* TripPinUITests */,
			);
		};
/* End PBXProject section */

/* Begin PBXResourcesBuildPhase section */
		AA0176F321899880006C8281 /* Resources */ = {
			isa = PBXResourcesBuildPhase;
			buildActionMask = 2147483647;
			files = (
				AA01770221899881006C8281 /* Assets.xcassets in Resources */,
				AA01770521899881006C8281 /* Main.storyboard in Resources */,
			);
			runOnlyForDeploymentPostprocessing = 0;
		};
		AA01770921899881006C8281 /* Resources */ = {
			isa = PBXResourcesBuildPhase;
			buildActionMask = 2147483647;
			files = (
			);
			runOnlyForDeploymentPostprocessing = 0;
		};
		AA01771421899881006C8281 /* Resources */ = {
			isa = PBXResourcesBuildPhase;
			buildActionMask = 2147483647;
			files = (
			);
			runOnlyForDeploymentPostprocessing = 0;
		};
/* End PBXResourcesBuildPhase section */

/* Begin PBXSourcesBuildPhase section */
		AA0176F121899880006C8281 /* Sources */ = {
			isa = PBXSourcesBuildPhase;
			buildActionMask = 2147483647;
			files = (
				AA01770021899881006C8281 /* ViewController.mm in Sources */,
				AA0176FD21899881006C8281 /* main.m in Sources */,
				CA07A1F5218C974D0004E520 /* northwind_service.cpp in Sources */,
				AA0176FA21899881006C8281 /* AppDelegate.m in Sources */,
			);
			runOnlyForDeploymentPostprocessing = 0;
		};
		AA01770721899881006C8281 /* Sources */ = {
			isa = PBXSourcesBuildPhase;
			buildActionMask = 2147483647;
			files = (
				AA01771021899881006C8281 /* TripPinTests.m in Sources */,
			);
			runOnlyForDeploymentPostprocessing = 0;
		};
		AA01771221899881006C8281 /* Sources */ = {
			isa = PBXSourcesBuildPhase;
			buildActionMask = 2147483647;
			files = (
				AA01771B21899881006C8281 /* TripPinUITests.m in Sources */,
			);
			runOnlyForDeploymentPostprocessing = 0;
		};
/* End PBXSourcesBuildPhase section */

/* Begin PBXTargetDependency section */
		AA01770D21899881006C8281 /* PBXTargetDependency */ = {
			isa = PBXTargetDependency;
			target = AA0176F421899880006C8281 /* TripPin */;
			targetProxy = AA01770C21899881006C8281 /* PBXContainerItemProxy */;
		};
		AA01771821899881006C8281 /* PBXTargetDependency */ = {
			isa = PBXTargetDependency;
			target = AA0176F421899880006C8281 /* TripPin */;
			targetProxy = AA01771721899881006C8281 /* PBXContainerItemProxy */;
		};
/* End PBXTargetDependency section */

/* Begin PBXVariantGroup section */
		AA01770321899881006C8281 /* Main.storyboard */ = {
			isa = PBXVariantGroup;
			children = (
				AA01770421899881006C8281 /* Base */,
			);
			name = Main.storyboard;
			sourceTree = "<group>";
		};
/* End PBXVariantGroup section */

/* Begin XCBuildConfiguration section */
		AA01771D21899881006C8281 /* Debug */ = {
			isa = XCBuildConfiguration;
			buildSettings = {
				ALWAYS_SEARCH_USER_PATHS = NO;
				CLANG_ANALYZER_NONNULL = YES;
				CLANG_CXX_LANGUAGE_STANDARD = "gnu++0x";
				CLANG_CXX_LIBRARY = "libc++";
				CLANG_ENABLE_MODULES = YES;
				CLANG_ENABLE_OBJC_ARC = YES;
				CLANG_WARN_BOOL_CONVERSION = YES;
				CLANG_WARN_CONSTANT_CONVERSION = YES;
				CLANG_WARN_DIRECT_OBJC_ISA_USAGE = YES_ERROR;
				CLANG_WARN_DOCUMENTATION_COMMENTS = YES;
				CLANG_WARN_EMPTY_BODY = YES;
				CLANG_WARN_ENUM_CONVERSION = YES;
				CLANG_WARN_INFINITE_RECURSION = YES;
				CLANG_WARN_INT_CONVERSION = YES;
				CLANG_WARN_OBJC_ROOT_CLASS = YES_ERROR;
				CLANG_WARN_SUSPICIOUS_MOVE = YES;
				CLANG_WARN_UNREACHABLE_CODE = YES;
				CLANG_WARN__DUPLICATE_METHOD_MATCH = YES;
				CODE_SIGN_IDENTITY = "-";
				COPY_PHASE_STRIP = NO;
				DEBUG_INFORMATION_FORMAT = dwarf;
				ENABLE_STRICT_OBJC_MSGSEND = YES;
				ENABLE_TESTABILITY = YES;
				GCC_C_LANGUAGE_STANDARD = gnu99;
				GCC_DYNAMIC_NO_PIC = NO;
				GCC_NO_COMMON_BLOCKS = YES;
				GCC_OPTIMIZATION_LEVEL = 0;
				GCC_PREPROCESSOR_DEFINITIONS = (
					"DEBUG=1",
					"$(inherited)",
				);
				GCC_WARN_64_TO_32_BIT_CONVERSION = YES;
				GCC_WARN_ABOUT_RETURN_TYPE = YES_ERROR;
				GCC_WARN_UNDECLARED_SELECTOR = YES;
				GCC_WARN_UNINITIALIZED_AUTOS = YES_AGGRESSIVE;
				GCC_WARN_UNUSED_FUNCTION = YES;
				GCC_WARN_UNUSED_VARIABLE = YES;
				MACOSX_DEPLOYMENT_TARGET = 10.11;
				MTL_ENABLE_DEBUG_INFO = YES;
				ONLY_ACTIVE_ARCH = YES;
				SDKROOT = macosx;
			};
			name = Debug;
		};
		AA01771E21899881006C8281 /* Release */ = {
			isa = XCBuildConfiguration;
			buildSettings = {
				ALWAYS_SEARCH_USER_PATHS = NO;
				CLANG_ANALYZER_NONNULL = YES;
				CLANG_CXX_LANGUAGE_STANDARD = "gnu++0x";
				CLANG_CXX_LIBRARY = "libc++";
				CLANG_ENABLE_MODULES = YES;
				CLANG_ENABLE_OBJC_ARC = YES;
				CLANG_WARN_BOOL_CONVERSION = YES;
				CLANG_WARN_CONSTANT_CONVERSION = YES;
				CLANG_WARN_DIRECT_OBJC_ISA_USAGE = YES_ERROR;
				CLANG_WARN_DOCUMENTATION_COMMENTS = YES;
				CLANG_WARN_EMPTY_BODY = YES;
				CLANG_WARN_ENUM_CONVERSION = YES;
				CLANG_WARN_INFINITE_RECURSION = YES;
				CLANG_WARN_INT_CONVERSION = YES;
				CLANG_WARN_OBJC_ROOT_CLASS = YES_ERROR;
				CLANG_WARN_SUSPICIOUS_MOVE = YES;
				CLANG_WARN_UNREACHABLE_CODE = YES;
				CLANG_WARN__DUPLICATE_METHOD_MATCH = YES;
				CODE_SIGN_IDENTITY = "-";
				COPY_PHASE_STRIP = NO;
				DEBUG_INFORMATION_FORMAT = "dwarf-with-dsym";
				ENABLE_NS_ASSERTIONS = NO;
				ENABLE_STRICT_OBJC_MSGSEND = YES;
				GCC_C_LANGUAGE_STANDARD = gnu99;
				GCC_NO_COMMON_BLOCKS = YES;
				GCC_WARN_64_TO_32_BIT_CONVERSION = YES;
				GCC_WARN_ABOUT_RETURN_TYPE = YES_ERROR;
				GCC_WARN_UNDECLARED_SELECTOR = YES;
				GCC_WARN_UNINITIALIZED_AUTOS = YES_AGGRESSIVE;
				GCC_WARN_UNUSED_FUNCTION = YES;
				GCC_WARN_UNUSED_VARIABLE = YES;
				MACOSX_DEPLOYMENT_TARGET = 10.11;
				MTL_ENABLE_DEBUG_INFO = NO;
				SDKROOT = macosx;
			};
			name = Release;
		};
		AA01772021899881006C8281 /* Debug */ = {
			isa = XCBuildConfiguration;
			buildSettings = {
				ASSETCATALOG_COMPILER_APPICON_NAME = AppIcon;
				COMBINE_HIDPI_IMAGES = YES;
				HEADER_SEARCH_PATHS = (
					"$(PROJECT_DIR)/../../../include",
					/usr/local/include,
					"$(PROJECT_DIR)/../../../lib/casablanca/Release/include",
					/opt/local/include,
					/opt/local/include/libxml2,
				);
				INFOPLIST_FILE = TripPin/Info.plist;
				LD_RUNPATH_SEARCH_PATHS = "$(inherited) @executable_path/../Frameworks";
				LIBRARY_SEARCH_PATHS = (
					"$(PROJECT_DIR)/../../../output",
					"$(PROJECT_DIR)/../../../lib/casablanca/build.debug/Binaries",
					/usr/local/lib,
					/usr/local/opt/openssl/lib,
					/usr/local/Cellar/openssl/1.0.2p/lib,
					/opt/local/lib,
				);
				PRODUCT_BUNDLE_IDENTIFIER = com.MyOrg.TripPin;
				PRODUCT_NAME = "$(TARGET_NAME)";
			};
			name = Debug;
		};
		AA01772121899881006C8281 /* Release */ = {
			isa = XCBuildConfiguration;
			buildSettings = {
				ASSETCATALOG_COMPILER_APPICON_NAME = AppIcon;
				COMBINE_HIDPI_IMAGES = YES;
				HEADER_SEARCH_PATHS = (
					"$(PROJECT_DIR)/../../../include",
					/usr/local/include,
					"$(PROJECT_DIR)/../../../lib/casablanca/Release/include",
					/opt/local/include,
					/opt/local/include/libxml2,
				);
				INFOPLIST_FILE = TripPin/Info.plist;
				LD_RUNPATH_SEARCH_PATHS = "$(inherited) @executable_path/../Frameworks";
				LIBRARY_SEARCH_PATHS = (
					"$(PROJECT_DIR)/../../../output",
					"$(PROJECT_DIR)/../../../lib/casablanca/build.debug/Binaries",
					/usr/local/lib,
					/usr/local/opt/openssl/lib,
					/usr/local/Cellar/openssl/1.0.2p/lib,
					/opt/local/lib,
				);
				PRODUCT_BUNDLE_IDENTIFIER = com.MyOrg.TripPin;
				PRODUCT_NAME = "$(TARGET_NAME)";
			};
			name = Release;
		};
		AA01772321899881006C8281 /* Debug */ = {
			isa = XCBuildConfiguration;
			buildSettings = {
				BUNDLE_LOADER = "$(TEST_HOST)";
				COMBINE_HIDPI_IMAGES = YES;
				INFOPLIST_FILE = TripPinTests/Info.plist;
				LD_RUNPATH_SEARCH_PATHS = "$(inherited) @executable_path/../Frameworks @loader_path/../Frameworks";
				PRODUCT_BUNDLE_IDENTIFIER = com.MyOrg.TripPinTests;
				PRODUCT_NAME = "$(TARGET_NAME)";
				TEST_HOST = "$(BUILT_PRODUCTS_DIR)/TripPin.app/Contents/MacOS/TripPin";
			};
			name = Debug;
		};
		AA01772421899881006C8281 /* Release */ = {
			isa = XCBuildConfiguration;
			buildSettings = {
				BUNDLE_LOADER = "$(TEST_HOST)";
				COMBINE_HIDPI_IMAGES = YES;
				INFOPLIST_FILE = TripPinTests/Info.plist;
				LD_RUNPATH_SEARCH_PATHS = "$(inherited) @executable_path/../Frameworks @loader_path/../Frameworks";
				PRODUCT_BUNDLE_IDENTIFIER = com.MyOrg.TripPinTests;
				PRODUCT_NAME = "$(TARGET_NAME)";
				TEST_HOST = "$(BUILT_PRODUCTS_DIR)/TripPin.app/Contents/MacOS/TripPin";
			};
			name = Release;
		};
		AA01772621899881006C8281 /* Debug */ = {
			isa = XCBuildConfiguration;
			buildSettings = {
				COMBINE_HIDPI_IMAGES = YES;
				INFOPLIST_FILE = TripPinUITests/Info.plist;
				LD_RUNPATH_SEARCH_PATHS = "$(inherited) @executable_path/../Frameworks @loader_path/../Frameworks";
				PRODUCT_BUNDLE_IDENTIFIER = com.MyOrg.TripPinUITests;
				PRODUCT_NAME = "$(TARGET_NAME)";
				TEST_TARGET_NAME = TripPin;
			};
			name = Debug;
		};
		AA01772721899881006C8281 /* Release */ = {
			isa = XCBuildConfiguration;
			buildSettings = {
				COMBINE_HIDPI_IMAGES = YES;
				INFOPLIST_FILE = TripPinUITests/Info.plist;
				LD_RUNPATH_SEARCH_PATHS = "$(inherited) @executable_path/../Frameworks @loader_path/../Frameworks";
				PRODUCT_BUNDLE_IDENTIFIER = com.MyOrg.TripPinUITests;
				PRODUCT_NAME = "$(TARGET_NAME)";
				TEST_TARGET_NAME = TripPin;
			};
			name = Release;
		};
/* End XCBuildConfiguration section */

/* Begin XCConfigurationList section */
		AA0176F021899880006C8281 /* Build configuration list for PBXProject "TripPin" */ = {
			isa = XCConfigurationList;
			buildConfigurations = (
				AA01771D21899881006C8281 /* Debug */,
				AA01771E21899881006C8281 /* Release */,
			);
			defaultConfigurationIsVisible = 0;
			defaultConfigurationName = Release;
		};
		AA01771F21899881006C8281 /* Build configuration list for PBXNativeTarget "TripPin" */ = {
			isa = XCConfigurationList;
			buildConfigurations = (
				AA01772021899881006C8281 /* Debug */,
				AA01772121899881006C8281 /* Release */,
			);
			defaultConfigurationIsVisible = 0;
			defaultConfigurationName = Release;
		};
		AA01772221899881006C8281 /* Build configuration list for PBXNativeTarget "TripPinTests" */ = {
			isa = XCConfigurationList;
			buildConfigurations = (
				AA01772321899881006C8281 /* Debug */,
				AA01772421899881006C8281 /* Release */,
			);
			defaultConfigurationIsVisible = 0;
			defaultConfigurationName = Release;
		};
		AA01772521899881006C8281 /* Build configuration list for PBXNativeTarget "TripPinUITests" */ = {
			isa = XCConfigurationList;
			buildConfigurations = (
				AA01772621899881006C8281 /* Debug */,
				AA01772721899881006C8281 /* Release */,
			);
			defaultConfigurationIsVisible = 0;
			defaultConfigurationName = Release;
		};
/* End XCConfigurationList section */
	};
	rootObject = AA0176ED21899880006C8281 /* Project object */;
}
